{
  "name": "template-clone-002",
  "version": "1.0.0",
  "lockfileVersion": 1,
  "requires": true,
  "dependencies": {
    "bootstrap": {
      "version": "4.1.1",
      "resolved": "https://registry.npmjs.org/bootstrap/-/bootstrap-4.1.1.tgz",
      "integrity": "sha512-SpiDSOcbg4J/PjVSt4ny5eY6j74VbVSjROY4Fb/WIUXBV9cnb5luyR4KnPvNoXuGnBK1T+nJIWqRsvU3yP8Mcg=="
    },
    "bootstrap-submenu": {
      "version": "3.0.0",
      "resolved": "https://registry.npmjs.org/bootstrap-submenu/-/bootstrap-submenu-3.0.0.tgz",
      "integrity": "sha512-11PO/V3IqU0HKyiJilveh/rVCxY6Gk4PZBA1z+d9fAW/tmo+tv5B3KTHlS2VB3Yj0fNOOLw0SwI92GaTrNP2ig=="
    }
  }
}
